
Microsoft Visual Studio Solution File, Format Version 12.00
# Visual Studio 15
VisualStudioVersion = 15.0.26430.14
MinimumVisualStudioVersion = 10.0.40219.1
Project("{8BC9CEB8-8B4A-11D0-8D11-00A0C91BC942}") = "Calculator", "Calculator\Calculator.vcxproj", "{9D418A62-8805-411C-88ED-DB5199D8F36C}"
	ProjectSection(ProjectDependencies) = postProject
		{7E5EA127-7AB6-4ED6-B690-8DE405C0FB35} = {7E5EA127-7AB6-4ED6-B690-8DE405C0FB35}
		{6511BECE-FD34-4FBD-B88B-B15CB057264E} = {6511BECE-FD34-4FBD-B88B-B15CB057264E}
	EndProjectSection
EndProject
Project("{8BC9CEB8-8B4A-11D0-8D11-00A0C91BC942}") = "CLN_vs", "CLN\CLN_vs.vcxproj", "{7E5EA127-7AB6-4ED6-B690-8DE405C0FB35}"
EndProject
Project("{8BC9CEB8-8B4A-11D0-8D11-00A0C91BC942}") = "CLN_Test", "CLN_Test\CLN_Test.vcxproj", "{22649E7B-24E3-4419-B966-D01D9BFC415D}"
	ProjectSection(ProjectDependencies) = postProject
		{7E5EA127-7AB6-4ED6-B690-8DE405C0FB35} = {7E5EA127-7AB6-4ED6-B690-8DE405C0FB35}
	EndProjectSection
EndProject
Project("{8BC9CEB8-8B4A-11D0-8D11-00A0C91BC942}") = "GINAC_vs", "GINAC\GINAC_vs.vcxproj", "{6511BECE-FD34-4FBD-B88B-B15CB057264E}"
	ProjectSection(ProjectDependencies) = postProject
		{7E5EA127-7AB6-4ED6-B690-8DE405C0FB35} = {7E5EA127-7AB6-4ED6-B690-8DE405C0FB35}
	EndProjectSection
EndProject
Project("{FAE04EC0-301F-11D3-BF4B-00C04F79EFBC}") = "CodeHelper", "CodeHelper\CodeHelper.csproj", "{8E8E8E9D-6B74-46C1-A931-8986C24F7025}"
EndProject
Project("{8BC9CEB8-8B4A-11D0-8D11-00A0C91BC942}") = "GINAC_Test", "GINAC_Test\GINAC_Test.vcxproj", "{4CFC2F70-7E8E-4A77-817E-B66B867F78EF}"
	ProjectSection(ProjectDependencies) = postProject
		{6511BECE-FD34-4FBD-B88B-B15CB057264E} = {6511BECE-FD34-4FBD-B88B-B15CB057264E}
	EndProjectSection
EndProject
Project("{8BC9CEB8-8B4A-11D0-8D11-00A0C91BC942}") = "NestedSum_vs", "NestedSum\NestedSum_vs.vcxproj", "{0BD341F2-455A-43FF-B1B7-538B7D628756}"
	ProjectSection(ProjectDependencies) = postProject
		{6511BECE-FD34-4FBD-B88B-B15CB057264E} = {6511BECE-FD34-4FBD-B88B-B15CB057264E}
	EndProjectSection
EndProject
Project("{2150E333-8FDC-42A3-9474-1A3956D46DE8}") = "Solution Items", "Solution Items", "{0A3B50DB-1C94-4D03-8AE3-9BF1266D5EEF}"
	ProjectSection(SolutionItems) = preProject
		..\README.md = ..\README.md
	EndProjectSection
EndProject
Project("{8BC9CEB8-8B4A-11D0-8D11-00A0C91BC942}") = "NestedSum_Test", "NestedSum_Test\NestedSum_Test.vcxproj", "{7DE2338C-96A0-4127-89C5-611E1FE23320}"
	ProjectSection(ProjectDependencies) = postProject
		{0BD341F2-455A-43FF-B1B7-538B7D628756} = {0BD341F2-455A-43FF-B1B7-538B7D628756}
	EndProjectSection
EndProject
Global
	GlobalSection(SolutionConfigurationPlatforms) = preSolution
		Debug|Any CPU = Debug|Any CPU
		Debug|x64 = Debug|x64
		Debug|x86 = Debug|x86
		Release|Any CPU = Release|Any CPU
		Release|x64 = Release|x64
		Release|x86 = Release|x86
	EndGlobalSection
	GlobalSection(ProjectConfigurationPlatforms) = postSolution
		{9D418A62-8805-411C-88ED-DB5199D8F36C}.Debug|Any CPU.ActiveCfg = Debug|Win32
		{9D418A62-8805-411C-88ED-DB5199D8F36C}.Debug|x64.ActiveCfg = Debug|x64
		{9D418A62-8805-411C-88ED-DB5199D8F36C}.Debug|x64.Build.0 = Debug|x64
		{9D418A62-8805-411C-88ED-DB5199D8F36C}.Debug|x86.ActiveCfg = Debug|Win32
		{9D418A62-8805-411C-88ED-DB5199D8F36C}.Debug|x86.Build.0 = Debug|Win32
		{9D418A62-8805-411C-88ED-DB5199D8F36C}.Release|Any CPU.ActiveCfg = Release|Win32
		{9D418A62-8805-411C-88ED-DB5199D8F36C}.Release|x64.ActiveCfg = Release|x64
		{9D418A62-8805-411C-88ED-DB5199D8F36C}.Release|x64.Build.0 = Release|x64
		{9D418A62-8805-411C-88ED-DB5199D8F36C}.Release|x86.ActiveCfg = Release|Win32
		{9D418A62-8805-411C-88ED-DB5199D8F36C}.Release|x86.Build.0 = Release|Win32
		{7E5EA127-7AB6-4ED6-B690-8DE405C0FB35}.Debug|Any CPU.ActiveCfg = Debug|Win32
		{7E5EA127-7AB6-4ED6-B690-8DE405C0FB35}.Debug|x64.ActiveCfg = Debug|x64
		{7E5EA127-7AB6-4ED6-B690-8DE405C0FB35}.Debug|x64.Build.0 = Debug|x64
		{7E5EA127-7AB6-4ED6-B690-8DE405C0FB35}.Debug|x64.Deploy.0 = Debug|x64
		{7E5EA127-7AB6-4ED6-B690-8DE405C0FB35}.Debug|x86.ActiveCfg = Debug|Win32
		{7E5EA127-7AB6-4ED6-B690-8DE405C0FB35}.Debug|x86.Build.0 = Debug|Win32
		{7E5EA127-7AB6-4ED6-B690-8DE405C0FB35}.Debug|x86.Deploy.0 = Debug|Win32
		{7E5EA127-7AB6-4ED6-B690-8DE405C0FB35}.Release|Any CPU.ActiveCfg = Release|Win32
		{7E5EA127-7AB6-4ED6-B690-8DE405C0FB35}.Release|x64.ActiveCfg = Release|x64
		{7E5EA127-7AB6-4ED6-B690-8DE405C0FB35}.Release|x64.Build.0 = Release|x64
		{7E5EA127-7AB6-4ED6-B690-8DE405C0FB35}.Release|x64.Deploy.0 = Release|x64
		{7E5EA127-7AB6-4ED6-B690-8DE405C0FB35}.Release|x86.ActiveCfg = Release|Win32
		{7E5EA127-7AB6-4ED6-B690-8DE405C0FB35}.Release|x86.Build.0 = Release|Win32
		{7E5EA127-7AB6-4ED6-B690-8DE405C0FB35}.Release|x86.Deploy.0 = Release|Win32
		{22649E7B-24E3-4419-B966-D01D9BFC415D}.Debug|Any CPU.ActiveCfg = Debug|Win32
		{22649E7B-24E3-4419-B966-D01D9BFC415D}.Debug|x64.ActiveCfg = Debug|x64
		{22649E7B-24E3-4419-B966-D01D9BFC415D}.Debug|x64.Build.0 = Debug|x64
		{22649E7B-24E3-4419-B966-D01D9BFC415D}.Debug|x86.ActiveCfg = Debug|Win32
		{22649E7B-24E3-4419-B966-D01D9BFC415D}.Debug|x86.Build.0 = Debug|Win32
		{22649E7B-24E3-4419-B966-D01D9BFC415D}.Release|Any CPU.ActiveCfg = Release|Win32
		{22649E7B-24E3-4419-B966-D01D9BFC415D}.Release|x64.ActiveCfg = Release|x64
		{22649E7B-24E3-4419-B966-D01D9BFC415D}.Release|x64.Build.0 = Release|x64
		{22649E7B-24E3-4419-B966-D01D9BFC415D}.Release|x86.ActiveCfg = Release|Win32
		{22649E7B-24E3-4419-B966-D01D9BFC415D}.Release|x86.Build.0 = Release|Win32
		{6511BECE-FD34-4FBD-B88B-B15CB057264E}.Debug|Any CPU.ActiveCfg = Debug|Win32
		{6511BECE-FD34-4FBD-B88B-B15CB057264E}.Debug|x64.ActiveCfg = Debug|x64
		{6511BECE-FD34-4FBD-B88B-B15CB057264E}.Debug|x64.Build.0 = Debug|x64
		{6511BECE-FD34-4FBD-B88B-B15CB057264E}.Debug|x86.ActiveCfg = Debug|Win32
		{6511BECE-FD34-4FBD-B88B-B15CB057264E}.Debug|x86.Build.0 = Debug|Win32
		{6511BECE-FD34-4FBD-B88B-B15CB057264E}.Release|Any CPU.ActiveCfg = Release|Win32
		{6511BECE-FD34-4FBD-B88B-B15CB057264E}.Release|x64.ActiveCfg = Release|x64
		{6511BECE-FD34-4FBD-B88B-B15CB057264E}.Release|x64.Build.0 = Release|x64
		{6511BECE-FD34-4FBD-B88B-B15CB057264E}.Release|x86.ActiveCfg = Release|Win32
		{6511BECE-FD34-4FBD-B88B-B15CB057264E}.Release|x86.Build.0 = Release|Win32
		{8E8E8E9D-6B74-46C1-A931-8986C24F7025}.Debug|Any CPU.ActiveCfg = Debug|Any CPU
		{8E8E8E9D-6B74-46C1-A931-8986C24F7025}.Debug|Any CPU.Build.0 = Debug|Any CPU
		{8E8E8E9D-6B74-46C1-A931-8986C24F7025}.Debug|x64.ActiveCfg = Debug|Any CPU
		{8E8E8E9D-6B74-46C1-A931-8986C24F7025}.Debug|x64.Build.0 = Debug|Any CPU
		{8E8E8E9D-6B74-46C1-A931-8986C24F7025}.Debug|x86.ActiveCfg = Debug|Any CPU
		{8E8E8E9D-6B74-46C1-A931-8986C24F7025}.Debug|x86.Build.0 = Debug|Any CPU
		{8E8E8E9D-6B74-46C1-A931-8986C24F7025}.Release|Any CPU.ActiveCfg = Release|Any CPU
		{8E8E8E9D-6B74-46C1-A931-8986C24F7025}.Release|Any CPU.Build.0 = Release|Any CPU
		{8E8E8E9D-6B74-46C1-A931-8986C24F7025}.Release|x64.ActiveCfg = Release|Any CPU
		{8E8E8E9D-6B74-46C1-A931-8986C24F7025}.Release|x64.Build.0 = Release|Any CPU
		{8E8E8E9D-6B74-46C1-A931-8986C24F7025}.Release|x86.ActiveCfg = Release|Any CPU
		{8E8E8E9D-6B74-46C1-A931-8986C24F7025}.Release|x86.Build.0 = Release|Any CPU
		{4CFC2F70-7E8E-4A77-817E-B66B867F78EF}.Debug|Any CPU.ActiveCfg = Debug|Win32
		{4CFC2F70-7E8E-4A77-817E-B66B867F78EF}.Debug|x64.ActiveCfg = Debug|x64
		{4CFC2F70-7E8E-4A77-817E-B66B867F78EF}.Debug|x64.Build.0 = Debug|x64
		{4CFC2F70-7E8E-4A77-817E-B66B867F78EF}.Debug|x86.ActiveCfg = Debug|Win32
		{4CFC2F70-7E8E-4A77-817E-B66B867F78EF}.Debug|x86.Build.0 = Debug|Win32
		{4CFC2F70-7E8E-4A77-817E-B66B867F78EF}.Release|Any CPU.ActiveCfg = Release|Win32
		{4CFC2F70-7E8E-4A77-817E-B66B867F78EF}.Release|x64.ActiveCfg = Release|x64
		{4CFC2F70-7E8E-4A77-817E-B66B867F78EF}.Release|x64.Build.0 = Release|x64
		{4CFC2F70-7E8E-4A77-817E-B66B867F78EF}.Release|x86.ActiveCfg = Release|Win32
		{4CFC2F70-7E8E-4A77-817E-B66B867F78EF}.Release|x86.Build.0 = Release|Win32
		{0BD341F2-455A-43FF-B1B7-538B7D628756}.Debug|Any CPU.ActiveCfg = Debug|Win32
		{0BD341F2-455A-43FF-B1B7-538B7D628756}.Debug|x64.ActiveCfg = Debug|x64
		{0BD341F2-455A-43FF-B1B7-538B7D628756}.Debug|x64.Build.0 = Debug|x64
		{0BD341F2-455A-43FF-B1B7-538B7D628756}.Debug|x86.ActiveCfg = Debug|Win32
		{0BD341F2-455A-43FF-B1B7-538B7D628756}.Debug|x86.Build.0 = Debug|Win32
		{0BD341F2-455A-43FF-B1B7-538B7D628756}.Release|Any CPU.ActiveCfg = Release|Win32
		{0BD341F2-455A-43FF-B1B7-538B7D628756}.Release|x64.ActiveCfg = Release|x64
		{0BD341F2-455A-43FF-B1B7-538B7D628756}.Release|x64.Build.0 = Release|x64
		{0BD341F2-455A-43FF-B1B7-538B7D628756}.Release|x86.ActiveCfg = Release|Win32
		{0BD341F2-455A-43FF-B1B7-538B7D628756}.Release|x86.Build.0 = Release|Win32
		{7DE2338C-96A0-4127-89C5-611E1FE23320}.Debug|Any CPU.ActiveCfg = Debug|Win32
		{7DE2338C-96A0-4127-89C5-611E1FE23320}.Debug|x64.ActiveCfg = Debug|x64
		{7DE2338C-96A0-4127-89C5-611E1FE23320}.Debug|x64.Build.0 = Debug|x64
		{7DE2338C-96A0-4127-89C5-611E1FE23320}.Debug|x86.ActiveCfg = Debug|Win32
		{7DE2338C-96A0-4127-89C5-611E1FE23320}.Debug|x86.Build.0 = Debug|Win32
		{7DE2338C-96A0-4127-89C5-611E1FE23320}.Release|Any CPU.ActiveCfg = Release|Win32
		{7DE2338C-96A0-4127-89C5-611E1FE23320}.Release|x64.ActiveCfg = Release|x64
		{7DE2338C-96A0-4127-89C5-611E1FE23320}.Release|x64.Build.0 = Release|x64
		{7DE2338C-96A0-4127-89C5-611E1FE23320}.Release|x86.ActiveCfg = Release|Win32
		{7DE2338C-96A0-4127-89C5-611E1FE23320}.Release|x86.Build.0 = Release|Win32
	EndGlobalSection
	GlobalSection(SolutionProperties) = preSolution
		HideSolutionNode = FALSE
	EndGlobalSection
EndGlobal
